--- 
dependencies: 
- hashie: = 0.1.8
- mocha: = 0.9.8
- ruby-debug: = 0.10.3
specs: 
- linecache: 
    version: "0.43"
- ruby-debug-base: 
    version: 0.10.3
- hashie: 
    version: 0.1.8
- rake: 
    version: 0.8.7
- mocha: 
    version: 0.9.8
- columnize: 
    version: 0.3.1
- ruby-debug: 
    version: 0.10.3
hash: b84316e523c8beefb9122c875a2626419f21ab94
sources: 
- Rubygems: 
    uri: http://gemcutter.org
